// !$*UTF8*$!
{
	archiveVersion = 1;
	classes = {
	};
	objectVersion = 50;
	objects = {

/* Begin PBXBuildFile section */
		6E0AF40826A3061900B17CFD /* Utility.swift in Sources */ = {isa = PBXBuildFile; fileRef = 6E0AF40726A3061900B17CFD /* Utility.swift */; };
		6E181D5D2687A9CF00B20D77 /* AppDelegate.swift in Sources */ = {isa = PBXBuildFile; fileRef = 6E181D5C2687A9CF00B20D77 /* AppDelegate.swift */; };
		6E181D5F2687A9CF00B20D77 /* SceneDelegate.swift in Sources */ = {isa = PBXBuildFile; fileRef = 6E181D5E2687A9CF00B20D77 /* SceneDelegate.swift */; };
		6E181D612687A9CF00B20D77 /* ViewController.swift in Sources */ = {isa = PBXBuildFile; fileRef = 6E181D602687A9CF00B20D77 /* ViewController.swift */; };
		6E181D642687A9CF00B20D77 /* Main.storyboard in Resources */ = {isa = PBXBuildFile; fileRef = 6E181D622687A9CF00B20D77 /* Main.storyboard */; };
		6E181D662687A9D300B20D77 /* Assets.xcassets in Resources */ = {isa = PBXBuildFile; fileRef = 6E181D652687A9D300B20D77 /* Assets.xcassets */; };
		6E181D692687A9D300B20D77 /* LaunchScreen.storyboard in Resources */ = {isa = PBXBuildFile; fileRef = 6E181D672687A9D300B20D77 /* LaunchScreen.storyboard */; };
		6E181D722687AA1F00B20D77 /* EmployeeData.swift in Sources */ = {isa = PBXBuildFile; fileRef = 6E181D712687AA1F00B20D77 /* EmployeeData.swift */; };
		6E181D752687AA4300B20D77 /* ApiService.swift in Sources */ = {isa = PBXBuildFile; fileRef = 6E181D742687AA4300B20D77 /* ApiService.swift */; };
		6E181D782687AB7700B20D77 /* EmployeeViewModel.swift in Sources */ = {isa = PBXBuildFile; fileRef = 6E181D772687AB7700B20D77 /* EmployeeViewModel.swift */; };
		6E181D7E2687AF0700B20D77 /* EmployeeTableViewCell.swift in Sources */ = {isa = PBXBuildFile; fileRef = 6E181D7D2687AF0700B20D77 /* EmployeeTableViewCell.swift */; };
		6E181D81268B3DD600B20D77 /* EmployeeDetailViewController.swift in Sources */ = {isa = PBXBuildFile; fileRef = 6E181D80268B3DD600B20D77 /* EmployeeDetailViewController.swift */; };
/* End PBXBuildFile section */

/* Begin PBXFileReference section */
		6E0AF40726A3061900B17CFD /* Utility.swift */ = {isa = PBXFileReference; lastKnownFileType = sourcecode.swift; path = Utility.swift; sourceTree = "<group>"; };
		6E181D592687A9CF00B20D77 /* test2.app */ = {isa = PBXFileReference; explicitFileType = wrapper.application; includeInIndex = 0; path = test2.app; sourceTree = BUILT_PRODUCTS_DIR; };
		6E181D5C2687A9CF00B20D77 /* AppDelegate.swift */ = {isa = PBXFileReference; lastKnownFileType = sourcecode.swift; path = AppDelegate.swift; sourceTree = "<group>"; };
		6E181D5E2687A9CF00B20D77 /* SceneDelegate.swift */ = {isa = PBXFileReference; lastKnownFileType = sourcecode.swift; path = SceneDelegate.swift; sourceTree = "<group>"; };
		6E181D602687A9CF00B20D77 /* ViewController.swift */ = {isa = PBXFileReference; lastKnownFileType = sourcecode.swift; path = ViewController.swift; sourceTree = "<group>"; };
		6E181D632687A9CF00B20D77 /* Base */ = {isa = PBXFileReference; lastKnownFileType = file.storyboard; name = Base; path = Base.lproj/Main.storyboard; sourceTree = "<group>"; };
		6E181D652687A9D300B20D77 /* Assets.xcassets */ = {isa = PBXFileReference; lastKnownFileType = folder.assetcatalog; path = Assets.xcassets; sourceTree = "<group>"; };
		6E181D682687A9D300B20D77 /* Base */ = {isa = PBXFileReference; lastKnownFileType = file.storyboard; name = Base; path = Base.lproj/LaunchScreen.storyboard; sourceTree = "<group>"; };
		6E181D6A2687A9D300B20D77 /* Info.plist */ = {isa = PBXFileReference; lastKnownFileType = text.plist.xml; path = Info.plist; sourceTree = "<group>"; };
		6E181D712687AA1F00B20D77 /* EmployeeData.swift */ = {isa = PBXFileReference; lastKnownFileType = sourcecode.swift; path = EmployeeData.swift; sourceTree = "<group>"; };
		6E181D742687AA4300B20D77 /* ApiService.swift */ = {isa = PBXFileReference; lastKnownFileType = sourcecode.swift; path = ApiService.swift; sourceTree = "<group>"; };
		6E181D772687AB7700B20D77 /* EmployeeViewModel.swift */ = {isa = PBXFileReference; lastKnownFileType = sourcecode.swift; path = EmployeeViewModel.swift; sourceTree = "<group>"; };
		6E181D7D2687AF0700B20D77 /* EmployeeTableViewCell.swift */ = {isa = PBXFileReference; lastKnownFileType = sourcecode.swift; path = EmployeeTableViewCell.swift; sourceTree = "<group>"; };
		6E181D80268B3DD600B20D77 /* EmployeeDetailViewController.swift */ = {isa = PBXFileReference; lastKnownFileType = sourcecode.swift; path = EmployeeDetailViewController.swift; sourceTree = "<group>"; };
/* End PBXFileReference section */

/* Begin PBXFrameworksBuildPhase section */
		6E181D562687A9CF00B20D77 /* Frameworks */ = {
			isa = PBXFrameworksBuildPhase;
			buildActionMask = 2147483647;
			files = (
			);
			runOnlyForDeploymentPostprocessing = 0;
		};
/* End PBXFrameworksBuildPhase section */

/* Begin PBXGroup section */
		6E181D502687A9CF00B20D77 = {
			isa = PBXGroup;
			children = (
				6E181D5B2687A9CF00B20D77 /* test2 */,
				6E181D5A2687A9CF00B20D77 /* Products */,
			);
			sourceTree = "<group>";
		};
		6E181D5A2687A9CF00B20D77 /* Products */ = {
			isa = PBXGroup;
			children = (
				6E181D592687A9CF00B20D77 /* test2.app */,
			);
			name = Products;
			sourceTree = "<group>";
		};
		6E181D5B2687A9CF00B20D77 /* test2 */ = {
			isa = PBXGroup;
			children = (
				6E181D7F2687AF3100B20D77 /* Controller */,
				6E181D7C2687AEF500B20D77 /* View */,
				6E181D762687AB5E00B20D77 /* ViewModel */,
				6E181D732687AA3200B20D77 /* Network */,
				6E181D702687A9E400B20D77 /* Model */,
				6E181D5C2687A9CF00B20D77 /* AppDelegate.swift */,
				6E181D5E2687A9CF00B20D77 /* SceneDelegate.swift */,
				6E181D622687A9CF00B20D77 /* Main.storyboard */,
				6E181D652687A9D300B20D77 /* Assets.xcassets */,
				6E181D672687A9D300B20D77 /* LaunchScreen.storyboard */,
				6E181D6A2687A9D300B20D77 /* Info.plist */,
			);
			path = test2;
			sourceTree = "<group>";
		};
		6E181D702687A9E400B20D77 /* Model */ = {
			isa = PBXGroup;
			children = (
				6E181D712687AA1F00B20D77 /* EmployeeData.swift */,
			);
			path = Model;
			sourceTree = "<group>";
		};
		6E181D732687AA3200B20D77 /* Network */ = {
			isa = PBXGroup;
			children = (
				6E0AF40726A3061900B17CFD /* Utility.swift */,
				6E181D742687AA4300B20D77 /* ApiService.swift */,
			);
			path = Network;
			sourceTree = "<group>";
		};
		6E181D762687AB5E00B20D77 /* ViewModel */ = {
			isa = PBXGroup;
			children = (
				6E181D772687AB7700B20D77 /* EmployeeViewModel.swift */,
			);
			path = ViewModel;
			sourceTree = "<group>";
		};
		6E181D7C2687AEF500B20D77 /* View */ = {
			isa = PBXGroup;
			children = (
				6E181D7D2687AF0700B20D77 /* EmployeeTableViewCell.swift */,
			);
			path = View;
			sourceTree = "<group>";
		};
		6E181D7F2687AF3100B20D77 /* Controller */ = {
			isa = PBXGroup;
			children = (
				6E181D80268B3DD600B20D77 /* EmployeeDetailViewController.swift */,
				6E181D602687A9CF00B20D77 /* ViewController.swift */,
			);
			path = Controller;
			sourceTree = "<group>";
		};
/* End PBXGroup section */

/* Begin PBXNativeTarget section */
		6E181D582687A9CF00B20D77 /* test2 */ = {
			isa = PBXNativeTarget;
			buildConfigurationList = 6E181D6D2687A9D300B20D77 /* Build configuration list for PBXNativeTarget "test2" */;
			buildPhases = (
				6E181D552687A9CF00B20D77 /* Sources */,
				6E181D562687A9CF00B20D77 /* Frameworks */,
				6E181D572687A9CF00B20D77 /* Resources */,
			);
			buildRules = (
			);
			dependencies = (
			);
			name = test2;
			productName = test2;
			productReference = 6E181D592687A9CF00B20D77 /* test2.app */;
			productType = "com.apple.product-type.application";
		};
/* End PBXNativeTarget section */

/* Begin PBXProject section */
		6E181D512687A9CF00B20D77 /* Project object */ = {
			isa = PBXProject;
			attributes = {
				LastSwiftUpdateCheck = 1250;
				LastUpgradeCheck = 1250;
				TargetAttributes = {
					6E181D582687A9CF00B20D77 = {
						CreatedOnToolsVersion = 12.5;
					};
				};
			};
			buildConfigurationList = 6E181D542687A9CF00B20D77 /* Build configuration list for PBXProject "test2" */;
			compatibilityVersion = "Xcode 9.3";
			developmentRegion = en;
			hasScannedForEncodings = 0;
			knownRegions = (
				en,
				Base,
			);
			mainGroup = 6E181D502687A9CF00B20D77;
			productRefGroup = 6E181D5A2687A9CF00B20D77 /* Products */;
			projectDirPath = "";
			projectRoot = "";
			targets = (
				6E181D582687A9CF00B20D77 /* test2 */,
			);
		};
/* End PBXProject section */

/* Begin PBXResourcesBuildPhase section */
		6E181D572687A9CF00B20D77 /* Resources */ = {
			isa = PBXResourcesBuildPhase;
			buildActionMask = 2147483647;
			files = (
				6E181D692687A9D300B20D77 /* LaunchScreen.storyboard in Resources */,
				6E181D662687A9D300B20D77 /* Assets.xcassets in Resources */,
				6E181D642687A9CF00B20D77 /* Main.storyboard in Resources */,
			);
			runOnlyForDeploymentPostprocessing = 0;
		};
/* End PBXResourcesBuildPhase section */

/* Begin PBXSourcesBuildPhase section */
		6E181D552687A9CF00B20D77 /* Sources */ = {
			isa = PBXSourcesBuildPhase;
			buildActionMask = 2147483647;
			files = (
				6E181D612687A9CF00B20D77 /* ViewController.swift in Sources */,
				6E181D7E2687AF0700B20D77 /* EmployeeTableViewCell.swift in Sources */,
				6E0AF40826A3061900B17CFD /* Utility.swift in Sources */,
				6E181D752687AA4300B20D77 /* ApiService.swift in Sources */,
				6E181D81268B3DD600B20D77 /* EmployeeDetailViewController.swift in Sources */,
				6E181D5D2687A9CF00B20D77 /* AppDelegate.swift in Sources */,
				6E181D5F2687A9CF00B20D77 /* SceneDelegate.swift in Sources */,
				6E181D782687AB7700B20D77 /* EmployeeViewModel.swift in Sources */,
				6E181D722687AA1F00B20D77 /* EmployeeData.swift in Sources */,
			);
			runOnlyForDeploymentPostprocessing = 0;
		};
/* End PBXSourcesBuildPhase section */

/* Begin PBXVariantGroup section */
		6E181D622687A9CF00B20D77 /* Main.storyboard */ = {
			isa = PBXVariantGroup;
			children = (
				6E181D632687A9CF00B20D77 /* Base */,
			);
			name = Main.storyboard;
			sourceTree = "<group>";
		};
		6E181D672687A9D300B20D77 /* LaunchScreen.storyboard */ = {
			isa = PBXVariantGroup;
			children = (
				6E181D682687A9D300B20D77 /* Base */,
			);
			name = LaunchScreen.storyboard;
			sourceTree = "<group>";
		};
/* End PBXVariantGroup section */

/* Begin XCBuildConfiguration section */
		6E181D6B2687A9D300B20D77 /* Debug */ = {
			isa = XCBuildConfiguration;
			buildSettings = {
				ALWAYS_SEARCH_USER_PATHS = NO;
				CLANG_ANALYZER_NONNULL = YES;
				CLANG_ANALYZER_NUMBER_OBJECT_CONVERSION = YES_AGGRESSIVE;
				CLANG_CXX_LANGUAGE_STANDARD = "gnu++14";
				CLANG_CXX_LIBRARY = "libc++";
				CLANG_ENABLE_MODULES = YES;
				CLANG_ENABLE_OBJC_ARC = YES;
				CLANG_ENABLE_OBJC_WEAK = YES;
				CLANG_WARN_BLOCK_CAPTURE_AUTORELEASING = YES;
				CLANG_WARN_BOOL_CONVERSION = YES;
				CLANG_WARN_COMMA = YES;
				CLANG_WARN_CONSTANT_CONVERSION = YES;
				CLANG_WARN_DEPRECATED_OBJC_IMPLEMENTATIONS = YES;
				CLANG_WARN_DIRECT_OBJC_ISA_USAGE = YES_ERROR;
				CLANG_WARN_DOCUMENTATION_COMMENTS = YES;
				CLANG_WARN_EMPTY_BODY = YES;
				CLANG_WARN_ENUM_CONVERSION = YES;
				CLANG_WARN_INFINITE_RECURSION = YES;
				CLANG_WARN_INT_CONVERSION = YES;
				CLANG_WARN_NON_LITERAL_NULL_CONVERSION = YES;
				CLANG_WARN_OBJC_IMPLICIT_RETAIN_SELF = YES;
				CLANG_WARN_OBJC_LITERAL_CONVERSION = YES;
				CLANG_WARN_OBJC_ROOT_CLASS = YES_ERROR;
				CLANG_WARN_QUOTED_INCLUDE_IN_FRAMEWORK_HEADER = YES;
				CLANG_WARN_RANGE_LOOP_ANALYSIS = YES;
				CLANG_WARN_STRICT_PROTOTYPES = YES;
				CLANG_WARN_SUSPICIOUS_MOVE = YES;
				CLANG_WARN_UNGUARDED_AVAILABILITY = YES_AGGRESSIVE;
				CLANG_WARN_UNREACHABLE_CODE = YES;
				CLANG_WARN__DUPLICATE_METHOD_MATCH = YES;
				COPY_PHASE_STRIP = NO;
				DEBUG_INFORMATION_FORMAT = dwarf;
				ENABLE_STRICT_OBJC_MSGSEND = YES;
				ENABLE_TESTABILITY = YES;
				GCC_C_LANGUAGE_STANDARD = gnu11;
				GCC_DYNAMIC_NO_PIC = NO;
				GCC_NO_COMMON_BLOCKS = YES;
				GCC_OPTIMIZATION_LEVEL = 0;
				GCC_PREPROCESSOR_DEFINITIONS = (
					"DEBUG=1",
					"$(inherited)",
				);
				GCC_WARN_64_TO_32_BIT_CONVERSION = YES;
				GCC_WARN_ABOUT_RETURN_TYPE = YES_ERROR;
				GCC_WARN_UNDECLARED_SELECTOR = YES;
				GCC_WARN_UNINITIALIZED_AUTOS = YES_AGGRESSIVE;
				GCC_WARN_UNUSED_FUNCTION = YES;
				GCC_WARN_UNUSED_VARIABLE = YES;
				IPHONEOS_DEPLOYMENT_TARGET = 14.5;
				MTL_ENABLE_DEBUG_INFO = INCLUDE_SOURCE;
				MTL_FAST_MATH = YES;
				ONLY_ACTIVE_ARCH = YES;
				SDKROOT = iphoneos;
				SWIFT_ACTIVE_COMPILATION_CONDITIONS = DEBUG;
				SWIFT_OPTIMIZATION_LEVEL = "-Onone";
			};
			name = Debug;
		};
		6E181D6C2687A9D300B20D77 /* Release */ = {
			isa = XCBuildConfiguration;
			buildSettings = {
				ALWAYS_SEARCH_USER_PATHS = NO;
				CLANG_ANALYZER_NONNULL = YES;
				CLANG_ANALYZER_NUMBER_OBJECT_CONVERSION = YES_AGGRESSIVE;
				CLANG_CXX_LANGUAGE_STANDARD = "gnu++14";
				CLANG_CXX_LIBRARY = "libc++";
				CLANG_ENABLE_MODULES = YES;
				CLANG_ENABLE_OBJC_ARC = YES;
				CLANG_ENABLE_OBJC_WEAK = YES;
				CLANG_WARN_BLOCK_CAPTURE_AUTORELEASING = YES;
				CLANG_WARN_BOOL_CONVERSION = YES;
				CLANG_WARN_COMMA = YES;
				CLANG_WARN_CONSTANT_CONVERSION = YES;
				CLANG_WARN_DEPRECATED_OBJC_IMPLEMENTATIONS = YES;
				CLANG_WARN_DIRECT_OBJC_ISA_USAGE = YES_ERROR;
				CLANG_WARN_DOCUMENTATION_COMMENTS = YES;
				CLANG_WARN_EMPTY_BODY = YES;
				CLANG_WARN_ENUM_CONVERSION = YES;
				CLANG_WARN_INFINITE_RECURSION = YES;
				CLANG_WARN_INT_CONVERSION = YES;
				CLANG_WARN_NON_LITERAL_NULL_CONVERSION = YES;
				CLANG_WARN_OBJC_IMPLICIT_RETAIN_SELF = YES;
				CLANG_WARN_OBJC_LITERAL_CONVERSION = YES;
				CLANG_WARN_OBJC_ROOT_CLASS = YES_ERROR;
				CLANG_WARN_QUOTED_INCLUDE_IN_FRAMEWORK_HEADER = YES;
				CLANG_WARN_RANGE_LOOP_ANALYSIS = YES;
				CLANG_WARN_STRICT_PROTOTYPES = YES;
				CLANG_WARN_SUSPICIOUS_MOVE = YES;
				CLANG_WARN_UNGUARDED_AVAILABILITY = YES_AGGRESSIVE;
				CLANG_WARN_UNREACHABLE_CODE = YES;
				CLANG_WARN__DUPLICATE_METHOD_MATCH = YES;
				COPY_PHASE_STRIP = NO;
				DEBUG_INFORMATION_FORMAT = "dwarf-with-dsym";
				ENABLE_NS_ASSERTIONS = NO;
				ENABLE_STRICT_OBJC_MSGSEND = YES;
				GCC_C_LANGUAGE_STANDARD = gnu11;
				GCC_NO_COMMON_BLOCKS = YES;
				GCC_WARN_64_TO_32_BIT_CONVERSION = YES;
				GCC_WARN_ABOUT_RETURN_TYPE = YES_ERROR;
				GCC_WARN_UNDECLARED_SELECTOR = YES;
				GCC_WARN_UNINITIALIZED_AUTOS = YES_AGGRESSIVE;
				GCC_WARN_UNUSED_FUNCTION = YES;
				GCC_WARN_UNUSED_VARIABLE = YES;
				IPHONEOS_DEPLOYMENT_TARGET = 14.5;
				MTL_ENABLE_DEBUG_INFO = NO;
				MTL_FAST_MATH = YES;
				SDKROOT = iphoneos;
				SWIFT_COMPILATION_MODE = wholemodule;
				SWIFT_OPTIMIZATION_LEVEL = "-O";
				VALIDATE_PRODUCT = YES;
			};
			name = Release;
		};
		6E181D6E2687A9D300B20D77 /* Debug */ = {
			isa = XCBuildConfiguration;
			buildSettings = {
				ASSETCATALOG_COMPILER_APPICON_NAME = AppIcon;
				ASSETCATALOG_COMPILER_GLOBAL_ACCENT_COLOR_NAME = AccentColor;
				CODE_SIGN_STYLE = Automatic;
				INFOPLIST_FILE = test2/Info.plist;
				LD_RUNPATH_SEARCH_PATHS = (
					"$(inherited)",
					"@executable_path/Frameworks",
				);
				PRODUCT_BUNDLE_IDENTIFIER = com.karinak.test2;
				PRODUCT_NAME = "$(TARGET_NAME)";
				SWIFT_VERSION = 5.0;
				TARGETED_DEVICE_FAMILY = "1,2";
			};
			name = Debug;
		};
		6E181D6F2687A9D300B20D77 /* Release */ = {
			isa = XCBuildConfiguration;
			buildSettings = {
				ASSETCATALOG_COMPILER_APPICON_NAME = AppIcon;
				ASSETCATALOG_COMPILER_GLOBAL_ACCENT_COLOR_NAME = AccentColor;
				CODE_SIGN_STYLE = Automatic;
				INFOPLIST_FILE = test2/Info.plist;
				LD_RUNPATH_SEARCH_PATHS = (
					"$(inherited)",
					"@executable_path/Frameworks",
				);
				PRODUCT_BUNDLE_IDENTIFIER = com.karinak.test2;
				PRODUCT_NAME = "$(TARGET_NAME)";
				SWIFT_VERSION = 5.0;
				TARGETED_DEVICE_FAMILY = "1,2";
			};
			name = Release;
		};
/* End XCBuildConfiguration section */

/* Begin XCConfigurationList section */
		6E181D542687A9CF00B20D77 /* Build configuration list for PBXProject "test2" */ = {
			isa = XCConfigurationList;
			buildConfigurations = (
				6E181D6B2687A9D300B20D77 /* Debug */,
				6E181D6C2687A9D300B20D77 /* Release */,
			);
			defaultConfigurationIsVisible = 0;
			defaultConfigurationName = Release;
		};
		6E181D6D2687A9D300B20D77 /* Build configuration list for PBXNativeTarget "test2" */ = {
			isa = XCConfigurationList;
			buildConfigurations = (
				6E181D6E2687A9D300B20D77 /* Debug */,
				6E181D6F2687A9D300B20D77 /* Release */,
			);
			defaultConfigurationIsVisible = 0;
			defaultConfigurationName = Release;
		};
/* End XCConfigurationList section */
	};
	rootObject = 6E181D512687A9CF00B20D77 /* Project object */;
}
